
Microsoft Visual Studio Solution File, Format Version 12.00
# Visual Studio Version 17
VisualStudioVersion = 17.5.33414.496
MinimumVisualStudioVersion = 10.0.40219.1
Project("{FAE04EC0-301F-11D3-BF4B-00C04F79EFBC}") = "c#Projekt", "c#Projekt\c#Projekt.csproj", "{1FF1CF06-A7CE-488D-A773-D6132A96F13F}"
EndProject
Global
	GlobalSection(SolutionConfigurationPlatforms) = preSolution
		Debug|Any CPU = Debug|Any CPU
		Release|Any CPU = Release|Any CPU
	EndGlobalSection
	GlobalSection(ProjectConfigurationPlatforms) = postSolution
		{1FF1CF06-A7CE-488D-A773-D6132A96F13F}.Debug|Any CPU.ActiveCfg = Debug|Any CPU
		{1FF1CF06-A7CE-488D-A773-D6132A96F13F}.Debug|Any CPU.Build.0 = Debug|Any CPU
		{1FF1CF06-A7CE-488D-A773-D6132A96F13F}.Release|Any CPU.ActiveCfg = Release|Any CPU
		{1FF1CF06-A7CE-488D-A773-D6132A96F13F}.Release|Any CPU.Build.0 = Release|Any CPU
	EndGlobalSection
	GlobalSection(SolutionProperties) = preSolution
		HideSolutionNode = FALSE
	EndGlobalSection
	GlobalSection(ExtensibilityGlobals) = postSolution
		SolutionGuid = {C92E5152-65F2-42AB-83AD-C986379FB065}
	EndGlobalSection
EndGlobal
